Microsoft Visual Studio Solution File, Format Version 11.00
# Visual Studio 2008

Project("{DE5A4D55-5DA1-DAC0-DE50-61AA7541E7C3}") = "NateJSONPractice", "Assembly-CSharp.csproj", "{79E384EB-A2C9-3642-4C88-99B7FFB10ED1}"
EndProject
Global
	GlobalSection(SolutionConfigurationPlatforms) = preSolution
		Debug|Any CPU = Debug|Any CPU
		Release|Any CPU = Release|Any CPU
	EndGlobalSection
	GlobalSection(ProjectConfigurationPlatforms) = postSolution
		{79E384EB-A2C9-3642-4C88-99B7FFB10ED1}.Debug|Any CPU.ActiveCfg = Debug|Any CPU
		{79E384EB-A2C9-3642-4C88-99B7FFB10ED1}.Debug|Any CPU.Build.0 = Debug|Any CPU
		{79E384EB-A2C9-3642-4C88-99B7FFB10ED1}.Release|Any CPU.ActiveCfg = Release|Any CPU
		{79E384EB-A2C9-3642-4C88-99B7FFB10ED1}.Release|Any CPU.Build.0 = Release|Any CPU
	EndGlobalSection
	GlobalSection(SolutionProperties) = preSolution
		HideSolutionNode = FALSE
	EndGlobalSection
	GlobalSection(MonoDevelopProperties) = preSolution
		StartupItem = Assembly-CSharp.csproj
	EndGlobalSection
EndGlobal
